
Microsoft Visual Studio Solution File, Format Version 12.00
# Visual Studio 2013
VisualStudioVersion = 12.0.21005.1
MinimumVisualStudioVersion = 10.0.40219.1
Project("{8BC9CEB8-8B4A-11D0-8D11-00A0C91BC942}") = "ProcessHooking", "ProcessHooking\ProcessHooking.vcxproj", "{DC954943-BE63-4A6D-A32A-2FC5F4B289CA}"
EndProject
Project("{8BC9CEB8-8B4A-11D0-8D11-00A0C91BC942}") = "ProcessHooking Package", "ProcessHooking Package\ProcessHooking Package.vcxproj", "{A5D0E9C7-1C46-400C-AF9F-D9073ED059A9}"
	ProjectSection(ProjectDependencies) = postProject
		{DC954943-BE63-4A6D-A32A-2FC5F4B289CA} = {DC954943-BE63-4A6D-A32A-2FC5F4B289CA}
	EndProjectSection
EndProject
Project("{8BC9CEB8-8B4A-11D0-8D11-00A0C91BC942}") = "UseDriver", "UseDriver\UseDriver.vcxproj", "{7EEF00A8-9473-4CED-87D4-1038764B05A1}"
EndProject
Global
	GlobalSection(SolutionConfigurationPlatforms) = preSolution
		Win7 Debug|Win32 = Win7 Debug|Win32
		Win7 Debug|x64 = Win7 Debug|x64
		Win7 Release|Win32 = Win7 Release|Win32
		Win7 Release|x64 = Win7 Release|x64
		Win8 Debug|Win32 = Win8 Debug|Win32
		Win8 Debug|x64 = Win8 Debug|x64
		Win8 Release|Win32 = Win8 Release|Win32
		Win8 Release|x64 = Win8 Release|x64
		Win8.1 Debug|Win32 = Win8.1 Debug|Win32
		Win8.1 Debug|x64 = Win8.1 Debug|x64
		Win8.1 Release|Win32 = Win8.1 Release|Win32
		Win8.1 Release|x64 = Win8.1 Release|x64
	EndGlobalSection
	GlobalSection(ProjectConfigurationPlatforms) = postSolution
		{DC954943-BE63-4A6D-A32A-2FC5F4B289CA}.Win7 Debug|Win32.ActiveCfg = Win7 Debug|Win32
		{DC954943-BE63-4A6D-A32A-2FC5F4B289CA}.Win7 Debug|Win32.Build.0 = Win7 Debug|Win32
		{DC954943-BE63-4A6D-A32A-2FC5F4B289CA}.Win7 Debug|Win32.Deploy.0 = Win7 Debug|Win32
		{DC954943-BE63-4A6D-A32A-2FC5F4B289CA}.Win7 Debug|x64.ActiveCfg = Win7 Debug|x64
		{DC954943-BE63-4A6D-A32A-2FC5F4B289CA}.Win7 Debug|x64.Build.0 = Win7 Debug|x64
		{DC954943-BE63-4A6D-A32A-2FC5F4B289CA}.Win7 Debug|x64.Deploy.0 = Win7 Debug|x64
		{DC954943-BE63-4A6D-A32A-2FC5F4B289CA}.Win7 Release|Win32.ActiveCfg = Win7 Release|Win32
		{DC954943-BE63-4A6D-A32A-2FC5F4B289CA}.Win7 Release|Win32.Build.0 = Win7 Release|Win32
		{DC954943-BE63-4A6D-A32A-2FC5F4B289CA}.Win7 Release|Win32.Deploy.0 = Win7 Release|Win32
		{DC954943-BE63-4A6D-A32A-2FC5F4B289CA}.Win7 Release|x64.ActiveCfg = Win7 Release|x64
		{DC954943-BE63-4A6D-A32A-2FC5F4B289CA}.Win7 Release|x64.Build.0 = Win7 Release|x64
		{DC954943-BE63-4A6D-A32A-2FC5F4B289CA}.Win7 Release|x64.Deploy.0 = Win7 Release|x64
		{DC954943-BE63-4A6D-A32A-2FC5F4B289CA}.Win8 Debug|Win32.ActiveCfg = Win8 Debug|Win32
		{DC954943-BE63-4A6D-A32A-2FC5F4B289CA}.Win8 Debug|Win32.Build.0 = Win8 Debug|Win32
		{DC954943-BE63-4A6D-A32A-2FC5F4B289CA}.Win8 Debug|Win32.Deploy.0 = Win8 Debug|Win32
		{DC954943-BE63-4A6D-A32A-2FC5F4B289CA}.Win8 Debug|x64.ActiveCfg = Win8 Debug|x64
		{DC954943-BE63-4A6D-A32A-2FC5F4B289CA}.Win8 Debug|x64.Build.0 = Win8 Debug|x64
		{DC954943-BE63-4A6D-A32A-2FC5F4B289CA}.Win8 Debug|x64.Deploy.0 = Win8 Debug|x64
		{DC954943-BE63-4A6D-A32A-2FC5F4B289CA}.Win8 Release|Win32.ActiveCfg = Win8 Release|Win32
		{DC954943-BE63-4A6D-A32A-2FC5F4B289CA}.Win8 Release|Win32.Build.0 = Win8 Release|Win32
		{DC954943-BE63-4A6D-A32A-2FC5F4B289CA}.Win8 Release|Win32.Deploy.0 = Win8 Release|Win32
		{DC954943-BE63-4A6D-A32A-2FC5F4B289CA}.Win8 Release|x64.ActiveCfg = Win8 Release|x64
		{DC954943-BE63-4A6D-A32A-2FC5F4B289CA}.Win8 Release|x64.Build.0 = Win8 Release|x64
		{DC954943-BE63-4A6D-A32A-2FC5F4B289CA}.Win8 Release|x64.Deploy.0 = Win8 Release|x64
		{DC954943-BE63-4A6D-A32A-2FC5F4B289CA}.Win8.1 Debug|Win32.ActiveCfg = Win8.1 Debug|Win32
		{DC954943-BE63-4A6D-A32A-2FC5F4B289CA}.Win8.1 Debug|Win32.Build.0 = Win8.1 Debug|Win32
		{DC954943-BE63-4A6D-A32A-2FC5F4B289CA}.Win8.1 Debug|Win32.Deploy.0 = Win8.1 Debug|Win32
		{DC954943-BE63-4A6D-A32A-2FC5F4B289CA}.Win8.1 Debug|x64.ActiveCfg = Win8.1 Debug|x64
		{DC954943-BE63-4A6D-A32A-2FC5F4B289CA}.Win8.1 Debug|x64.Build.0 = Win8.1 Debug|x64
		{DC954943-BE63-4A6D-A32A-2FC5F4B289CA}.Win8.1 Debug|x64.Deploy.0 = Win8.1 Debug|x64
		{DC954943-BE63-4A6D-A32A-2FC5F4B289CA}.Win8.1 Release|Win32.ActiveCfg = Win8.1 Release|Win32
		{DC954943-BE63-4A6D-A32A-2FC5F4B289CA}.Win8.1 Release|Win32.Build.0 = Win8.1 Release|Win32
		{DC954943-BE63-4A6D-A32A-2FC5F4B289CA}.Win8.1 Release|Win32.Deploy.0 = Win8.1 Release|Win32
		{DC954943-BE63-4A6D-A32A-2FC5F4B289CA}.Win8.1 Release|x64.ActiveCfg = Win8.1 Release|x64
		{DC954943-BE63-4A6D-A32A-2FC5F4B289CA}.Win8.1 Release|x64.Build.0 = Win8.1 Release|x64
		{DC954943-BE63-4A6D-A32A-2FC5F4B289CA}.Win8.1 Release|x64.Deploy.0 = Win8.1 Release|x64
		{A5D0E9C7-1C46-400C-AF9F-D9073ED059A9}.Win7 Debug|Win32.ActiveCfg = Win7 Debug|Win32
		{A5D0E9C7-1C46-400C-AF9F-D9073ED059A9}.Win7 Debug|Win32.Build.0 = Win7 Debug|Win32
		{A5D0E9C7-1C46-400C-AF9F-D9073ED059A9}.Win7 Debug|Win32.Deploy.0 = Win7 Debug|Win32
		{A5D0E9C7-1C46-400C-AF9F-D9073ED059A9}.Win7 Debug|x64.ActiveCfg = Win7 Debug|x64
		{A5D0E9C7-1C46-400C-AF9F-D9073ED059A9}.Win7 Debug|x64.Build.0 = Win7 Debug|x64
		{A5D0E9C7-1C46-400C-AF9F-D9073ED059A9}.Win7 Debug|x64.Deploy.0 = Win7 Debug|x64
		{A5D0E9C7-1C46-400C-AF9F-D9073ED059A9}.Win7 Release|Win32.ActiveCfg = Win7 Release|Win32
		{A5D0E9C7-1C46-400C-AF9F-D9073ED059A9}.Win7 Release|Win32.Build.0 = Win7 Release|Win32
		{A5D0E9C7-1C46-400C-AF9F-D9073ED059A9}.Win7 Release|Win32.Deploy.0 = Win7 Release|Win32
		{A5D0E9C7-1C46-400C-AF9F-D9073ED059A9}.Win7 Release|x64.ActiveCfg = Win7 Release|x64
		{A5D0E9C7-1C46-400C-AF9F-D9073ED059A9}.Win7 Release|x64.Build.0 = Win7 Release|x64
		{A5D0E9C7-1C46-400C-AF9F-D9073ED059A9}.Win7 Release|x64.Deploy.0 = Win7 Release|x64
		{A5D0E9C7-1C46-400C-AF9F-D9073ED059A9}.Win8 Debug|Win32.ActiveCfg = Win8 Debug|Win32
		{A5D0E9C7-1C46-400C-AF9F-D9073ED059A9}.Win8 Debug|Win32.Build.0 = Win8 Debug|Win32
		{A5D0E9C7-1C46-400C-AF9F-D9073ED059A9}.Win8 Debug|Win32.Deploy.0 = Win8 Debug|Win32
		{A5D0E9C7-1C46-400C-AF9F-D9073ED059A9}.Win8 Debug|x64.ActiveCfg = Win8 Debug|x64
		{A5D0E9C7-1C46-400C-AF9F-D9073ED059A9}.Win8 Debug|x64.Build.0 = Win8 Debug|x64
		{A5D0E9C7-1C46-400C-AF9F-D9073ED059A9}.Win8 Debug|x64.Deploy.0 = Win8 Debug|x64
		{A5D0E9C7-1C46-400C-AF9F-D9073ED059A9}.Win8 Release|Win32.ActiveCfg = Win8 Release|Win32
		{A5D0E9C7-1C46-400C-AF9F-D9073ED059A9}.Win8 Release|Win32.Build.0 = Win8 Release|Win32
		{A5D0E9C7-1C46-400C-AF9F-D9073ED059A9}.Win8 Release|Win32.Deploy.0 = Win8 Release|Win32
		{A5D0E9C7-1C46-400C-AF9F-D9073ED059A9}.Win8 Release|x64.ActiveCfg = Win8 Release|x64
		{A5D0E9C7-1C46-400C-AF9F-D9073ED059A9}.Win8 Release|x64.Build.0 = Win8 Release|x64
		{A5D0E9C7-1C46-400C-AF9F-D9073ED059A9}.Win8 Release|x64.Deploy.0 = Win8 Release|x64
		{A5D0E9C7-1C46-400C-AF9F-D9073ED059A9}.Win8.1 Debug|Win32.ActiveCfg = Win8.1 Debug|Win32
		{A5D0E9C7-1C46-400C-AF9F-D9073ED059A9}.Win8.1 Debug|Win32.Build.0 = Win8.1 Debug|Win32
		{A5D0E9C7-1C46-400C-AF9F-D9073ED059A9}.Win8.1 Debug|Win32.Deploy.0 = Win8.1 Debug|Win32
		{A5D0E9C7-1C46-400C-AF9F-D9073ED059A9}.Win8.1 Debug|x64.ActiveCfg = Win8.1 Debug|x64
		{A5D0E9C7-1C46-400C-AF9F-D9073ED059A9}.Win8.1 Debug|x64.Build.0 = Win8.1 Debug|x64
		{A5D0E9C7-1C46-400C-AF9F-D9073ED059A9}.Win8.1 Debug|x64.Deploy.0 = Win8.1 Debug|x64
		{A5D0E9C7-1C46-400C-AF9F-D9073ED059A9}.Win8.1 Release|Win32.ActiveCfg = Win8.1 Release|Win32
		{A5D0E9C7-1C46-400C-AF9F-D9073ED059A9}.Win8.1 Release|Win32.Build.0 = Win8.1 Release|Win32
		{A5D0E9C7-1C46-400C-AF9F-D9073ED059A9}.Win8.1 Release|Win32.Deploy.0 = Win8.1 Release|Win32
		{A5D0E9C7-1C46-400C-AF9F-D9073ED059A9}.Win8.1 Release|x64.ActiveCfg = Win8.1 Release|x64
		{A5D0E9C7-1C46-400C-AF9F-D9073ED059A9}.Win8.1 Release|x64.Build.0 = Win8.1 Release|x64
		{A5D0E9C7-1C46-400C-AF9F-D9073ED059A9}.Win8.1 Release|x64.Deploy.0 = Win8.1 Release|x64
		{7EEF00A8-9473-4CED-87D4-1038764B05A1}.Win7 Debug|Win32.ActiveCfg = Win7 Debug|Win32
		{7EEF00A8-9473-4CED-87D4-1038764B05A1}.Win7 Debug|Win32.Build.0 = Win7 Debug|Win32
		{7EEF00A8-9473-4CED-87D4-1038764B05A1}.Win7 Debug|Win32.Deploy.0 = Win7 Debug|Win32
		{7EEF00A8-9473-4CED-87D4-1038764B05A1}.Win7 Debug|x64.ActiveCfg = Win7 Debug|x64
		{7EEF00A8-9473-4CED-87D4-1038764B05A1}.Win7 Debug|x64.Build.0 = Win7 Debug|x64
		{7EEF00A8-9473-4CED-87D4-1038764B05A1}.Win7 Debug|x64.Deploy.0 = Win7 Debug|x64
		{7EEF00A8-9473-4CED-87D4-1038764B05A1}.Win7 Release|Win32.ActiveCfg = Win7 Release|Win32
		{7EEF00A8-9473-4CED-87D4-1038764B05A1}.Win7 Release|Win32.Build.0 = Win7 Release|Win32
		{7EEF00A8-9473-4CED-87D4-1038764B05A1}.Win7 Release|Win32.Deploy.0 = Win7 Release|Win32
		{7EEF00A8-9473-4CED-87D4-1038764B05A1}.Win7 Release|x64.ActiveCfg = Win7 Release|x64
		{7EEF00A8-9473-4CED-87D4-1038764B05A1}.Win7 Release|x64.Build.0 = Win7 Release|x64
		{7EEF00A8-9473-4CED-87D4-1038764B05A1}.Win7 Release|x64.Deploy.0 = Win7 Release|x64
		{7EEF00A8-9473-4CED-87D4-1038764B05A1}.Win8 Debug|Win32.ActiveCfg = Win8 Debug|Win32
		{7EEF00A8-9473-4CED-87D4-1038764B05A1}.Win8 Debug|Win32.Build.0 = Win8 Debug|Win32
		{7EEF00A8-9473-4CED-87D4-1038764B05A1}.Win8 Debug|Win32.Deploy.0 = Win8 Debug|Win32
		{7EEF00A8-9473-4CED-87D4-1038764B05A1}.Win8 Debug|x64.ActiveCfg = Win8 Debug|x64
		{7EEF00A8-9473-4CED-87D4-1038764B05A1}.Win8 Debug|x64.Build.0 = Win8 Debug|x64
		{7EEF00A8-9473-4CED-87D4-1038764B05A1}.Win8 Debug|x64.Deploy.0 = Win8 Debug|x64
		{7EEF00A8-9473-4CED-87D4-1038764B05A1}.Win8 Release|Win32.ActiveCfg = Win8 Release|Win32
		{7EEF00A8-9473-4CED-87D4-1038764B05A1}.Win8 Release|Win32.Build.0 = Win8 Release|Win32
		{7EEF00A8-9473-4CED-87D4-1038764B05A1}.Win8 Release|Win32.Deploy.0 = Win8 Release|Win32
		{7EEF00A8-9473-4CED-87D4-1038764B05A1}.Win8 Release|x64.ActiveCfg = Win8 Release|x64
		{7EEF00A8-9473-4CED-87D4-1038764B05A1}.Win8 Release|x64.Build.0 = Win8 Release|x64
		{7EEF00A8-9473-4CED-87D4-1038764B05A1}.Win8 Release|x64.Deploy.0 = Win8 Release|x64
		{7EEF00A8-9473-4CED-87D4-1038764B05A1}.Win8.1 Debug|Win32.ActiveCfg = Win8.1 Debug|Win32
		{7EEF00A8-9473-4CED-87D4-1038764B05A1}.Win8.1 Debug|Win32.Build.0 = Win8.1 Debug|Win32
		{7EEF00A8-9473-4CED-87D4-1038764B05A1}.Win8.1 Debug|Win32.Deploy.0 = Win8.1 Debug|Win32
		{7EEF00A8-9473-4CED-87D4-1038764B05A1}.Win8.1 Debug|x64.ActiveCfg = Win8.1 Debug|x64
		{7EEF00A8-9473-4CED-87D4-1038764B05A1}.Win8.1 Debug|x64.Build.0 = Win8.1 Debug|x64
		{7EEF00A8-9473-4CED-87D4-1038764B05A1}.Win8.1 Debug|x64.Deploy.0 = Win8.1 Debug|x64
		{7EEF00A8-9473-4CED-87D4-1038764B05A1}.Win8.1 Release|Win32.ActiveCfg = Win8.1 Release|Win32
		{7EEF00A8-9473-4CED-87D4-1038764B05A1}.Win8.1 Release|Win32.Build.0 = Win8.1 Release|Win32
		{7EEF00A8-9473-4CED-87D4-1038764B05A1}.Win8.1 Release|Win32.Deploy.0 = Win8.1 Release|Win32
		{7EEF00A8-9473-4CED-87D4-1038764B05A1}.Win8.1 Release|x64.ActiveCfg = Win8.1 Release|x64
		{7EEF00A8-9473-4CED-87D4-1038764B05A1}.Win8.1 Release|x64.Build.0 = Win8.1 Release|x64
		{7EEF00A8-9473-4CED-87D4-1038764B05A1}.Win8.1 Release|x64.Deploy.0 = Win8.1 Release|x64
	EndGlobalSection
	GlobalSection(SolutionProperties) = preSolution
		HideSolutionNode = FALSE
	EndGlobalSection
EndGlobal
